PODS:
  - appsflyer_sdk (6.8.0):
    - AppsFlyerFramework (= 6.8.0)
    - Flutter
  - AppsFlyerFramework (6.8.0):
    - AppsFlyerFramework/Main (= 6.8.0)
  - AppsFlyerFramework/Main (6.8.0)
  - Flutter (1.0.0)

DEPENDENCIES:
  - appsflyer_sdk (from `.symlinks/plugins/appsflyer_sdk/ios`)
  - Flutter (from `Flutter`)

SPEC REPOS:
  trunk:
    - AppsFlyerFramework

EXTERNAL SOURCES:
  appsflyer_sdk:
    :path: ".symlinks/plugins/appsflyer_sdk/ios"
  Flutter:
    :path: Flutter

SPEC CHECKSUMS:
  appsflyer_sdk: 6d03341418c1acf261fdfde2eb27fdeaf04fa2c2
  AppsFlyerFramework: a8de532f81b1d3c1dfc451f0ecded91ebb6a0e47
  Flutter: f04841e97a9d0b0a8025694d0796dd46242b2854

PODFILE CHECKSUM: ef19549a9bc3046e7bb7d2fab4d021637c0c58a3

COCOAPODS: 1.11.3
